
Microsoft Visual Studio Solution File, Format Version 12.00
# Visual Studio Version 17
VisualStudioVersion = 17.9.34728.123
MinimumVisualStudioVersion = 10.0.40219.1
Project("{9A19103F-16F7-4668-BE54-9A1E7A4F7556}") = "BlazorCrud.Server", "BlazorCrud.Server\BlazorCrud.Server.csproj", "{5C417079-1454-4EA5-9AEB-CB9251D17337}"
EndProject
Project("{9A19103F-16F7-4668-BE54-9A1E7A4F7556}") = "BlazorCrudJEACH.Shared", "BlazorCrudJEACH.Shared\BlazorCrudJEACH.Shared.csproj", "{2F9BB507-29BD-458A-BF9F-9E0B61F57EF5}"
EndProject
Project("{9A19103F-16F7-4668-BE54-9A1E7A4F7556}") = "BlazorCrudJEACH.Client", "BlazorCrudJEACH.Client\BlazorCrudJEACH.Client.csproj", "{0FB815F0-578C-452F-B224-38A62C5295F2}"
EndProject
Global
	GlobalSection(SolutionConfigurationPlatforms) = preSolution
		Debug|Any CPU = Debug|Any CPU
		Release|Any CPU = Release|Any CPU
	EndGlobalSection
	GlobalSection(ProjectConfigurationPlatforms) = postSolution
		{5C417079-1454-4EA5-9AEB-CB9251D17337}.Debug|Any CPU.ActiveCfg = Debug|Any CPU
		{5C417079-1454-4EA5-9AEB-CB9251D17337}.Debug|Any CPU.Build.0 = Debug|Any CPU
		{5C417079-1454-4EA5-9AEB-CB9251D17337}.Release|Any CPU.ActiveCfg = Release|Any CPU
		{5C417079-1454-4EA5-9AEB-CB9251D17337}.Release|Any CPU.Build.0 = Release|Any CPU
		{2F9BB507-29BD-458A-BF9F-9E0B61F57EF5}.Debug|Any CPU.ActiveCfg = Debug|Any CPU
		{2F9BB507-29BD-458A-BF9F-9E0B61F57EF5}.Debug|Any CPU.Build.0 = Debug|Any CPU
		{2F9BB507-29BD-458A-BF9F-9E0B61F57EF5}.Release|Any CPU.ActiveCfg = Release|Any CPU
		{2F9BB507-29BD-458A-BF9F-9E0B61F57EF5}.Release|Any CPU.Build.0 = Release|Any CPU
		{0FB815F0-578C-452F-B224-38A62C5295F2}.Debug|Any CPU.ActiveCfg = Debug|Any CPU
		{0FB815F0-578C-452F-B224-38A62C5295F2}.Debug|Any CPU.Build.0 = Debug|Any CPU
		{0FB815F0-578C-452F-B224-38A62C5295F2}.Release|Any CPU.ActiveCfg = Release|Any CPU
		{0FB815F0-578C-452F-B224-38A62C5295F2}.Release|Any CPU.Build.0 = Release|Any CPU
	EndGlobalSection
	GlobalSection(SolutionProperties) = preSolution
		HideSolutionNode = FALSE
	EndGlobalSection
	GlobalSection(ExtensibilityGlobals) = postSolution
		SolutionGuid = {62A9B6A1-DC34-4CF9-AE5F-3273B67B2F67}
	EndGlobalSection
EndGlobal
